
Microsoft Visual Studio Solution File, Format Version 12.00
# Visual Studio Version 16
VisualStudioVersion = 16.0.29519.87
MinimumVisualStudioVersion = 10.0.40219.1
Project("{2150E333-8FDC-42A3-9474-1A3956D46DE8}") = ".sln", ".sln", "{29B0BA6F-9967-477B-9DC3-A605E9BAAB65}"
	ProjectSection(SolutionItems) = preProject
		.editorconfig = .editorconfig
		.gitignore = .gitignore
		appveyor.yml = appveyor.yml
		azure-pipelines.yml = azure-pipelines.yml
	EndProjectSection
EndProject
Project("{9A19103F-16F7-4668-BE54-9A1E7A4F7556}") = "Gu.Wpf.NumericInput", "Gu.Wpf.NumericInput\Gu.Wpf.NumericInput.csproj", "{5DB0DB61-0A77-4E44-9DD9-BEC53425EF60}"
EndProject
Project("{9A19103F-16F7-4668-BE54-9A1E7A4F7556}") = "Gu.Wpf.NumericInput.Tests", "Gu.Wpf.NumericInput.Tests\Gu.Wpf.NumericInput.Tests.csproj", "{CD05954C-A8F0-4A35-8EC3-D8D6AD27B087}"
EndProject
Project("{9A19103F-16F7-4668-BE54-9A1E7A4F7556}") = "Gu.Wpf.NumericInput.Demo", "Gu.Wpf.NumericInput.Demo\Gu.Wpf.NumericInput.Demo.csproj", "{33A6534E-F39C-496D-B84E-9B3130822671}"
EndProject
Project("{9A19103F-16F7-4668-BE54-9A1E7A4F7556}") = "Gu.Wpf.NumericInput.UiTests", "Gu.Wpf.NumericInput.UITests\Gu.Wpf.NumericInput.UiTests.csproj", "{03820C66-202B-4B6D-B9D5-E4F3267362C1}"
EndProject
Project("{2150E333-8FDC-42A3-9474-1A3956D46DE8}") = "docs", "docs", "{FE49CF0F-CA04-46D8-B608-A2C6B665D7BC}"
	ProjectSection(SolutionItems) = preProject
		LICENSE = LICENSE
		README.md = README.md
		.paket\Readme.paket.md = .paket\Readme.paket.md
		RELEASE_NOTES.md = RELEASE_NOTES.md
	EndProjectSection
EndProject
Project("{FAE04EC0-301F-11D3-BF4B-00C04F79EFBC}") = "Gu.Wpf.NumericInput.Material", "Gu.Wpf.NumericInput.Material\Gu.Wpf.NumericInput.Material.csproj", "{472BD217-1176-4E81-9760-990FAB0B8015}"
EndProject
Global
	GlobalSection(SolutionConfigurationPlatforms) = preSolution
		Debug|Any CPU = Debug|Any CPU
		Release|Any CPU = Release|Any CPU
	EndGlobalSection
	GlobalSection(ProjectConfigurationPlatforms) = postSolution
		{5DB0DB61-0A77-4E44-9DD9-BEC53425EF60}.Debug|Any CPU.ActiveCfg = Debug|Any CPU
		{5DB0DB61-0A77-4E44-9DD9-BEC53425EF60}.Debug|Any CPU.Build.0 = Debug|Any CPU
		{5DB0DB61-0A77-4E44-9DD9-BEC53425EF60}.Release|Any CPU.ActiveCfg = Release|Any CPU
		{5DB0DB61-0A77-4E44-9DD9-BEC53425EF60}.Release|Any CPU.Build.0 = Release|Any CPU
		{CD05954C-A8F0-4A35-8EC3-D8D6AD27B087}.Debug|Any CPU.ActiveCfg = Debug|Any CPU
		{CD05954C-A8F0-4A35-8EC3-D8D6AD27B087}.Debug|Any CPU.Build.0 = Debug|Any CPU
		{CD05954C-A8F0-4A35-8EC3-D8D6AD27B087}.Release|Any CPU.ActiveCfg = Release|Any CPU
		{CD05954C-A8F0-4A35-8EC3-D8D6AD27B087}.Release|Any CPU.Build.0 = Release|Any CPU
		{33A6534E-F39C-496D-B84E-9B3130822671}.Debug|Any CPU.ActiveCfg = Debug|Any CPU
		{33A6534E-F39C-496D-B84E-9B3130822671}.Debug|Any CPU.Build.0 = Debug|Any CPU
		{33A6534E-F39C-496D-B84E-9B3130822671}.Release|Any CPU.ActiveCfg = Release|Any CPU
		{33A6534E-F39C-496D-B84E-9B3130822671}.Release|Any CPU.Build.0 = Release|Any CPU
		{03820C66-202B-4B6D-B9D5-E4F3267362C1}.Debug|Any CPU.ActiveCfg = Debug|Any CPU
		{03820C66-202B-4B6D-B9D5-E4F3267362C1}.Debug|Any CPU.Build.0 = Debug|Any CPU
		{03820C66-202B-4B6D-B9D5-E4F3267362C1}.Release|Any CPU.ActiveCfg = Release|Any CPU
		{03820C66-202B-4B6D-B9D5-E4F3267362C1}.Release|Any CPU.Build.0 = Release|Any CPU
		{472BD217-1176-4E81-9760-990FAB0B8015}.Debug|Any CPU.ActiveCfg = Debug|Any CPU
		{472BD217-1176-4E81-9760-990FAB0B8015}.Debug|Any CPU.Build.0 = Debug|Any CPU
		{472BD217-1176-4E81-9760-990FAB0B8015}.Release|Any CPU.ActiveCfg = Release|Any CPU
		{472BD217-1176-4E81-9760-990FAB0B8015}.Release|Any CPU.Build.0 = Release|Any CPU
	EndGlobalSection
	GlobalSection(SolutionProperties) = preSolution
		HideSolutionNode = FALSE
	EndGlobalSection
	GlobalSection(ExtensibilityGlobals) = postSolution
		SolutionGuid = {81260AED-0746-4311-BC0B-488B2BBF48B3}
	EndGlobalSection
EndGlobal
